// !$*UTF8*$!
{
	archiveVersion = 1;
	classes = {
	};
	objectVersion = 56;
	objects = {

/* Begin PBXBuildFile section */
		3D4474142B65FCE2008C315F /* CompressorSettings.swift in Sources */ = {isa = PBXBuildFile; fileRef = 3D4474132B65FCE2008C315F /* CompressorSettings.swift */; };
		3D8EB9BF2B41F4CE002F4CBB /* AppDelegate.swift in Sources */ = {isa = PBXBuildFile; fileRef = 3D8EB9BE2B41F4CE002F4CBB /* AppDelegate.swift */; };
		3D8EB9C12B41F4CE002F4CBB /* SceneDelegate.swift in Sources */ = {isa = PBXBuildFile; fileRef = 3D8EB9C02B41F4CE002F4CBB /* SceneDelegate.swift */; };
		3D8EB9C32B41F4CE002F4CBB /* ViewController.swift in Sources */ = {isa = PBXBuildFile; fileRef = 3D8EB9C22B41F4CE002F4CBB /* ViewController.swift */; };
		3D8EB9C62B41F4CE002F4CBB /* Main.storyboard in Resources */ = {isa = PBXBuildFile; fileRef = 3D8EB9C42B41F4CE002F4CBB /* Main.storyboard */; };
		3D8EB9C82B41F4D1002F4CBB /* Assets.xcassets in Resources */ = {isa = PBXBuildFile; fileRef = 3D8EB9C72B41F4D1002F4CBB /* Assets.xcassets */; };
		3D8EB9CB2B41F4D1002F4CBB /* LaunchScreen.storyboard in Resources */ = {isa = PBXBuildFile; fileRef = 3D8EB9C92B41F4D1002F4CBB /* LaunchScreen.storyboard */; };
		3DBAAE0D2B4A31B500AF25C0 /* CompressorViewController.swift in Sources */ = {isa = PBXBuildFile; fileRef = 3DBAAE0C2B4A31B500AF25C0 /* CompressorViewController.swift */; };
/* End PBXBuildFile section */

/* Begin PBXFileReference section */
		3D4474132B65FCE2008C315F /* CompressorSettings.swift */ = {isa = PBXFileReference; lastKnownFileType = sourcecode.swift; path = CompressorSettings.swift; sourceTree = "<group>"; };
		3D8EB9BB2B41F4CE002F4CBB /* Audio Enhance.app */ = {isa = PBXFileReference; explicitFileType = wrapper.application; includeInIndex = 0; path = "Audio Enhance.app"; sourceTree = BUILT_PRODUCTS_DIR; };
		3D8EB9BE2B41F4CE002F4CBB /* AppDelegate.swift */ = {isa = PBXFileReference; lastKnownFileType = sourcecode.swift; path = AppDelegate.swift; sourceTree = "<group>"; };
		3D8EB9C02B41F4CE002F4CBB /* SceneDelegate.swift */ = {isa = PBXFileReference; lastKnownFileType = sourcecode.swift; path = SceneDelegate.swift; sourceTree = "<group>"; };
		3D8EB9C22B41F4CE002F4CBB /* ViewController.swift */ = {isa = PBXFileReference; lastKnownFileType = sourcecode.swift; path = ViewController.swift; sourceTree = "<group>"; };
		3D8EB9C52B41F4CE002F4CBB /* Base */ = {isa = PBXFileReference; lastKnownFileType = file.storyboard; name = Base; path = Base.lproj/Main.storyboard; sourceTree = "<group>"; };
		3D8EB9C72B41F4D1002F4CBB /* Assets.xcassets */ = {isa = PBXFileReference; lastKnownFileType = folder.assetcatalog; path = Assets.xcassets; sourceTree = "<group>"; };
		3D8EB9CA2B41F4D1002F4CBB /* Base */ = {isa = PBXFileReference; lastKnownFileType = file.storyboard; name = Base; path = Base.lproj/LaunchScreen.storyboard; sourceTree = "<group>"; };
		3D8EB9CC2B41F4D1002F4CBB /* Info.plist */ = {isa = PBXFileReference; lastKnownFileType = text.plist.xml; path = Info.plist; sourceTree = "<group>"; };
		3DBAAE0C2B4A31B500AF25C0 /* CompressorViewController.swift */ = {isa = PBXFileReference; lastKnownFileType = sourcecode.swift; path = CompressorViewController.swift; sourceTree = "<group>"; };
/* End PBXFileReference section */

/* Begin PBXFrameworksBuildPhase section */
		3D8EB9B82B41F4CE002F4CBB /* Frameworks */ = {
			isa = PBXFrameworksBuildPhase;
			buildActionMask = 2147483647;
			files = (
			);
			runOnlyForDeploymentPostprocessing = 0;
		};
/* End PBXFrameworksBuildPhase section */

/* Begin PBXGroup section */
		3D8EB9B22B41F4CE002F4CBB = {
			isa = PBXGroup;
			children = (
				3D8EB9BD2B41F4CE002F4CBB /* Audio Enhance */,
				3D8EB9BC2B41F4CE002F4CBB /* Products */,
			);
			sourceTree = "<group>";
		};
		3D8EB9BC2B41F4CE002F4CBB /* Products */ = {
			isa = PBXGroup;
			children = (
				3D8EB9BB2B41F4CE002F4CBB /* Audio Enhance.app */,
			);
			name = Products;
			sourceTree = "<group>";
		};
		3D8EB9BD2B41F4CE002F4CBB /* Audio Enhance */ = {
			isa = PBXGroup;
			children = (
				3D8EB9BE2B41F4CE002F4CBB /* AppDelegate.swift */,
				3D8EB9C02B41F4CE002F4CBB /* SceneDelegate.swift */,
				3D8EB9C22B41F4CE002F4CBB /* ViewController.swift */,
				3DBAAE0C2B4A31B500AF25C0 /* CompressorViewController.swift */,
				3D4474132B65FCE2008C315F /* CompressorSettings.swift */,
				3D8EB9C42B41F4CE002F4CBB /* Main.storyboard */,
				3D8EB9C72B41F4D1002F4CBB /* Assets.xcassets */,
				3D8EB9C92B41F4D1002F4CBB /* LaunchScreen.storyboard */,
				3D8EB9CC2B41F4D1002F4CBB /* Info.plist */,
			);
			path = "Audio Enhance";
			sourceTree = "<group>";
		};
/* End PBXGroup section */

/* Begin PBXNativeTarget section */
		3D8EB9BA2B41F4CE002F4CBB /* Audio Enhance */ = {
			isa = PBXNativeTarget;
			buildConfigurationList = 3D8EB9CF2B41F4D1002F4CBB /* Build configuration list for PBXNativeTarget "Audio Enhance" */;
			buildPhases = (
				3D8EB9B72B41F4CE002F4CBB /* Sources */,
				3D8EB9B82B41F4CE002F4CBB /* Frameworks */,
				3D8EB9B92B41F4CE002F4CBB /* Resources */,
			);
			buildRules = (
			);
			dependencies = (
			);
			name = "Audio Enhance";
			productName = "Audio Enhance";
			productReference = 3D8EB9BB2B41F4CE002F4CBB /* Audio Enhance.app */;
			productType = "com.apple.product-type.application";
		};
/* End PBXNativeTarget section */

/* Begin PBXProject section */
		3D8EB9B32B41F4CE002F4CBB /* Project object */ = {
			isa = PBXProject;
			attributes = {
				BuildIndependentTargetsInParallel = 1;
				LastSwiftUpdateCheck = 1510;
				LastUpgradeCheck = 1510;
				TargetAttributes = {
					3D8EB9BA2B41F4CE002F4CBB = {
						CreatedOnToolsVersion = 15.1;
					};
				};
			};
			buildConfigurationList = 3D8EB9B62B41F4CE002F4CBB /* Build configuration list for PBXProject "Audio Enhance" */;
			compatibilityVersion = "Xcode 14.0";
			developmentRegion = en;
			hasScannedForEncodings = 0;
			knownRegions = (
				en,
				Base,
			);
			mainGroup = 3D8EB9B22B41F4CE002F4CBB;
			productRefGroup = 3D8EB9BC2B41F4CE002F4CBB /* Products */;
			projectDirPath = "";
			projectRoot = "";
			targets = (
				3D8EB9BA2B41F4CE002F4CBB /* Audio Enhance */,
			);
		};
/* End PBXProject section */

/* Begin PBXResourcesBuildPhase section */
		3D8EB9B92B41F4CE002F4CBB /* Resources */ = {
			isa = PBXResourcesBuildPhase;
			buildActionMask = 2147483647;
			files = (
				3D8EB9CB2B41F4D1002F4CBB /* LaunchScreen.storyboard in Resources */,
				3D8EB9C82B41F4D1002F4CBB /* Assets.xcassets in Resources */,
				3D8EB9C62B41F4CE002F4CBB /* Main.storyboard in Resources */,
			);
			runOnlyForDeploymentPostprocessing = 0;
		};
/* End PBXResourcesBuildPhase section */

/* Begin PBXSourcesBuildPhase section */
		3D8EB9B72B41F4CE002F4CBB /* Sources */ = {
			isa = PBXSourcesBuildPhase;
			buildActionMask = 2147483647;
			files = (
				3D8EB9C32B41F4CE002F4CBB /* ViewController.swift in Sources */,
				3DBAAE0D2B4A31B500AF25C0 /* CompressorViewController.swift in Sources */,
				3D8EB9BF2B41F4CE002F4CBB /* AppDelegate.swift in Sources */,
				3D8EB9C12B41F4CE002F4CBB /* SceneDelegate.swift in Sources */,
				3D4474142B65FCE2008C315F /* CompressorSettings.swift in Sources */,
			);
			runOnlyForDeploymentPostprocessing = 0;
		};
/* End PBXSourcesBuildPhase section */

/* Begin PBXVariantGroup section */
		3D8EB9C42B41F4CE002F4CBB /* Main.storyboard */ = {
			isa = PBXVariantGroup;
			children = (
				3D8EB9C52B41F4CE002F4CBB /* Base */,
			);
			name = Main.storyboard;
			sourceTree = "<group>";
		};
		3D8EB9C92B41F4D1002F4CBB /* LaunchScreen.storyboard */ = {
			isa = PBXVariantGroup;
			children = (
				3D8EB9CA2B41F4D1002F4CBB /* Base */,
			);
			name = LaunchScreen.storyboard;
			sourceTree = "<group>";
		};
/* End PBXVariantGroup section */

/* Begin XCBuildConfiguration section */
		3D8EB9CD2B41F4D1002F4CBB /* Debug */ = {
			isa = XCBuildConfiguration;
			buildSettings = {
				ALWAYS_SEARCH_USER_PATHS = NO;
				ASSETCATALOG_COMPILER_GENERATE_SWIFT_ASSET_SYMBOL_EXTENSIONS = YES;
				CLANG_ANALYZER_NONNULL = YES;
				CLANG_ANALYZER_NUMBER_OBJECT_CONVERSION = YES_AGGRESSIVE;
				CLANG_CXX_LANGUAGE_STANDARD = "gnu++20";
				CLANG_ENABLE_MODULES = YES;
				CLANG_ENABLE_OBJC_ARC = YES;
				CLANG_ENABLE_OBJC_WEAK = YES;
				CLANG_WARN_BLOCK_CAPTURE_AUTORELEASING = YES;
				CLANG_WARN_BOOL_CONVERSION = YES;
				CLANG_WARN_COMMA = YES;
				CLANG_WARN_CONSTANT_CONVERSION = YES;
				CLANG_WARN_DEPRECATED_OBJC_IMPLEMENTATIONS = YES;
				CLANG_WARN_DIRECT_OBJC_ISA_USAGE = YES_ERROR;
				CLANG_WARN_DOCUMENTATION_COMMENTS = YES;
				CLANG_WARN_EMPTY_BODY = YES;
				CLANG_WARN_ENUM_CONVERSION = YES;
				CLANG_WARN_INFINITE_RECURSION = YES;
				CLANG_WARN_INT_CONVERSION = YES;
				CLANG_WARN_NON_LITERAL_NULL_CONVERSION = YES;
				CLANG_WARN_OBJC_IMPLICIT_RETAIN_SELF = YES;
				CLANG_WARN_OBJC_LITERAL_CONVERSION = YES;
				CLANG_WARN_OBJC_ROOT_CLASS = YES_ERROR;
				CLANG_WARN_QUOTED_INCLUDE_IN_FRAMEWORK_HEADER = YES;
				CLANG_WARN_RANGE_LOOP_ANALYSIS = YES;
				CLANG_WARN_STRICT_PROTOTYPES = YES;
				CLANG_WARN_SUSPICIOUS_MOVE = YES;
				CLANG_WARN_UNGUARDED_AVAILABILITY = YES_AGGRESSIVE;
				CLANG_WARN_UNREACHABLE_CODE = YES;
				CLANG_WARN__DUPLICATE_METHOD_MATCH = YES;
				COPY_PHASE_STRIP = NO;
				DEBUG_INFORMATION_FORMAT = dwarf;
				ENABLE_STRICT_OBJC_MSGSEND = YES;
				ENABLE_TESTABILITY = YES;
				ENABLE_USER_SCRIPT_SANDBOXING = YES;
				GCC_C_LANGUAGE_STANDARD = gnu17;
				GCC_DYNAMIC_NO_PIC = NO;
				GCC_NO_COMMON_BLOCKS = YES;
				GCC_OPTIMIZATION_LEVEL = 0;
				GCC_PREPROCESSOR_DEFINITIONS = (
					"DEBUG=1",
					"$(inherited)",
				);
				GCC_WARN_64_TO_32_BIT_CONVERSION = YES;
				GCC_WARN_ABOUT_RETURN_TYPE = YES_ERROR;
				GCC_WARN_UNDECLARED_SELECTOR = YES;
				GCC_WARN_UNINITIALIZED_AUTOS = YES_AGGRESSIVE;
				GCC_WARN_UNUSED_FUNCTION = YES;
				GCC_WARN_UNUSED_VARIABLE = YES;
				IPHONEOS_DEPLOYMENT_TARGET = 17.0;
				LOCALIZATION_PREFERS_STRING_CATALOGS = YES;
				MTL_ENABLE_DEBUG_INFO = INCLUDE_SOURCE;
				MTL_FAST_MATH = YES;
				ONLY_ACTIVE_ARCH = YES;
				SDKROOT = iphoneos;
				SWIFT_ACTIVE_COMPILATION_CONDITIONS = "DEBUG $(inherited)";
				SWIFT_OPTIMIZATION_LEVEL = "-Onone";
			};
			name = Debug;
		};
		3D8EB9CE2B41F4D1002F4CBB /* Release */ = {
			isa = XCBuildConfiguration;
			buildSettings = {
				ALWAYS_SEARCH_USER_PATHS = NO;
				ASSETCATALOG_COMPILER_GENERATE_SWIFT_ASSET_SYMBOL_EXTENSIONS = YES;
				CLANG_ANALYZER_NONNULL = YES;
				CLANG_ANALYZER_NUMBER_OBJECT_CONVERSION = YES_AGGRESSIVE;
				CLANG_CXX_LANGUAGE_STANDARD = "gnu++20";
				CLANG_ENABLE_MODULES = YES;
				CLANG_ENABLE_OBJC_ARC = YES;
				CLANG_ENABLE_OBJC_WEAK = YES;
				CLANG_WARN_BLOCK_CAPTURE_AUTORELEASING = YES;
				CLANG_WARN_BOOL_CONVERSION = YES;
				CLANG_WARN_COMMA = YES;
				CLANG_WARN_CONSTANT_CONVERSION = YES;
				CLANG_WARN_DEPRECATED_OBJC_IMPLEMENTATIONS = YES;
				CLANG_WARN_DIRECT_OBJC_ISA_USAGE = YES_ERROR;
				CLANG_WARN_DOCUMENTATION_COMMENTS = YES;
				CLANG_WARN_EMPTY_BODY = YES;
				CLANG_WARN_ENUM_CONVERSION = YES;
				CLANG_WARN_INFINITE_RECURSION = YES;
				CLANG_WARN_INT_CONVERSION = YES;
				CLANG_WARN_NON_LITERAL_NULL_CONVERSION = YES;
				CLANG_WARN_OBJC_IMPLICIT_RETAIN_SELF = YES;
				CLANG_WARN_OBJC_LITERAL_CONVERSION = YES;
				CLANG_WARN_OBJC_ROOT_CLASS = YES_ERROR;
				CLANG_WARN_QUOTED_INCLUDE_IN_FRAMEWORK_HEADER = YES;
				CLANG_WARN_RANGE_LOOP_ANALYSIS = YES;
				CLANG_WARN_STRICT_PROTOTYPES = YES;
				CLANG_WARN_SUSPICIOUS_MOVE = YES;
				CLANG_WARN_UNGUARDED_AVAILABILITY = YES_AGGRESSIVE;
				CLANG_WARN_UNREACHABLE_CODE = YES;
				CLANG_WARN__DUPLICATE_METHOD_MATCH = YES;
				COPY_PHASE_STRIP = NO;
				DEBUG_INFORMATION_FORMAT = "dwarf-with-dsym";
				ENABLE_NS_ASSERTIONS = NO;
				ENABLE_STRICT_OBJC_MSGSEND = YES;
				ENABLE_USER_SCRIPT_SANDBOXING = YES;
				GCC_C_LANGUAGE_STANDARD = gnu17;
				GCC_NO_COMMON_BLOCKS = YES;
				GCC_WARN_64_TO_32_BIT_CONVERSION = YES;
				GCC_WARN_ABOUT_RETURN_TYPE = YES_ERROR;
				GCC_WARN_UNDECLARED_SELECTOR = YES;
				GCC_WARN_UNINITIALIZED_AUTOS = YES_AGGRESSIVE;
				GCC_WARN_UNUSED_FUNCTION = YES;
				GCC_WARN_UNUSED_VARIABLE = YES;
				IPHONEOS_DEPLOYMENT_TARGET = 17.0;
				LOCALIZATION_PREFERS_STRING_CATALOGS = YES;
				MTL_ENABLE_DEBUG_INFO = NO;
				MTL_FAST_MATH = YES;
				SDKROOT = iphoneos;
				SWIFT_COMPILATION_MODE = wholemodule;
				VALIDATE_PRODUCT = YES;
			};
			name = Release;
		};
		3D8EB9D02B41F4D1002F4CBB /* Debug */ = {
			isa = XCBuildConfiguration;
			buildSettings = {
				ASSETCATALOG_COMPILER_APPICON_NAME = AppIcon;
				ASSETCATALOG_COMPILER_GLOBAL_ACCENT_COLOR_NAME = AccentColor;
				CODE_SIGN_STYLE = Automatic;
				CURRENT_PROJECT_VERSION = 1;
				DEVELOPMENT_TEAM = S4D83HCYW4;
				GENERATE_INFOPLIST_FILE = YES;
				INFOPLIST_FILE = "Audio Enhance/Info.plist";
				INFOPLIST_KEY_LSApplicationCategoryType = "public.app-category.education";
				INFOPLIST_KEY_NSBluetoothAlwaysUsageDescription = "This app uses bluetooth for amplification to earbuds";
				INFOPLIST_KEY_NSMicrophoneUsageDescription = "App uses built in mic for amplification";
				INFOPLIST_KEY_UIApplicationSupportsIndirectInputEvents = YES;
				INFOPLIST_KEY_UILaunchStoryboardName = LaunchScreen;
				INFOPLIST_KEY_UIMainStoryboardFile = Main;
				INFOPLIST_KEY_UISupportedInterfaceOrientations = UIInterfaceOrientationPortrait;
				INFOPLIST_KEY_UISupportedInterfaceOrientations_iPad = "UIInterfaceOrientationPortrait UIInterfaceOrientationPortraitUpsideDown";
				LD_RUNPATH_SEARCH_PATHS = (
					"$(inherited)",
					"@executable_path/Frameworks",
				);
				MARKETING_VERSION = 1.0;
				PRODUCT_BUNDLE_IDENTIFIER = "com.browser.viewer.Audio-Enhance";
				PRODUCT_NAME = "$(TARGET_NAME)";
				SUPPORTED_PLATFORMS = "iphoneos iphonesimulator";
				SUPPORTS_MACCATALYST = NO;
				SUPPORTS_MAC_DESIGNED_FOR_IPHONE_IPAD = NO;
				SUPPORTS_XR_DESIGNED_FOR_IPHONE_IPAD = NO;
				SWIFT_EMIT_LOC_STRINGS = YES;
				SWIFT_VERSION = 5.0;
				TARGETED_DEVICE_FAMILY = "1,2";
			};
			name = Debug;
		};
		3D8EB9D12B41F4D1002F4CBB /* Release */ = {
			isa = XCBuildConfiguration;
			buildSettings = {
				ASSETCATALOG_COMPILER_APPICON_NAME = AppIcon;
				ASSETCATALOG_COMPILER_GLOBAL_ACCENT_COLOR_NAME = AccentColor;
				CODE_SIGN_STYLE = Automatic;
				CURRENT_PROJECT_VERSION = 1;
				DEVELOPMENT_TEAM = S4D83HCYW4;
				GENERATE_INFOPLIST_FILE = YES;
				INFOPLIST_FILE = "Audio Enhance/Info.plist";
				INFOPLIST_KEY_LSApplicationCategoryType = "public.app-category.education";
				INFOPLIST_KEY_NSBluetoothAlwaysUsageDescription = "This app uses bluetooth for amplification to earbuds";
				INFOPLIST_KEY_NSMicrophoneUsageDescription = "App uses built in mic for amplification";
				INFOPLIST_KEY_UIApplicationSupportsIndirectInputEvents = YES;
				INFOPLIST_KEY_UILaunchStoryboardName = LaunchScreen;
				INFOPLIST_KEY_UIMainStoryboardFile = Main;
				INFOPLIST_KEY_UISupportedInterfaceOrientations = UIInterfaceOrientationPortrait;
				INFOPLIST_KEY_UISupportedInterfaceOrientations_iPad = "UIInterfaceOrientationPortrait UIInterfaceOrientationPortraitUpsideDown";
				LD_RUNPATH_SEARCH_PATHS = (
					"$(inherited)",
					"@executable_path/Frameworks",
				);
				MARKETING_VERSION = 1.0;
				PRODUCT_BUNDLE_IDENTIFIER = "com.browser.viewer.Audio-Enhance";
				PRODUCT_NAME = "$(TARGET_NAME)";
				SUPPORTED_PLATFORMS = "iphoneos iphonesimulator";
				SUPPORTS_MACCATALYST = NO;
				SUPPORTS_MAC_DESIGNED_FOR_IPHONE_IPAD = NO;
				SUPPORTS_XR_DESIGNED_FOR_IPHONE_IPAD = NO;
				SWIFT_EMIT_LOC_STRINGS = YES;
				SWIFT_VERSION = 5.0;
				TARGETED_DEVICE_FAMILY = "1,2";
			};
			name = Release;
		};
/* End XCBuildConfiguration section */

/* Begin XCConfigurationList section */
		3D8EB9B62B41F4CE002F4CBB /* Build configuration list for PBXProject "Audio Enhance" */ = {
			isa = XCConfigurationList;
			buildConfigurations = (
				3D8EB9CD2B41F4D1002F4CBB /* Debug */,
				3D8EB9CE2B41F4D1002F4CBB /* Release */,
			);
			defaultConfigurationIsVisible = 0;
			defaultConfigurationName = Release;
		};
		3D8EB9CF2B41F4D1002F4CBB /* Build configuration list for PBXNativeTarget "Audio Enhance" */ = {
			isa = XCConfigurationList;
			buildConfigurations = (
				3D8EB9D02B41F4D1002F4CBB /* Debug */,
				3D8EB9D12B41F4D1002F4CBB /* Release */,
			);
			defaultConfigurationIsVisible = 0;
			defaultConfigurationName = Release;
		};
/* End XCConfigurationList section */
	};
	rootObject = 3D8EB9B32B41F4CE002F4CBB /* Project object */;
}
